
Microsoft Visual Studio Solution File, Format Version 12.00
# Visual Studio Version 17
VisualStudioVersion = 17.9.34728.123
MinimumVisualStudioVersion = 10.0.40219.1
Project("{9A19103F-16F7-4668-BE54-9A1E7A4F7556}") = "Foodies", "Foodies\Foodies.csproj", "{F87F9C11-C8C2-46AD-A63B-E8C5AA5CB97C}"
EndProject
Global
	GlobalSection(SolutionConfigurationPlatforms) = preSolution
		Debug|Any CPU = Debug|Any CPU
		Release|Any CPU = Release|Any CPU
	EndGlobalSection
	GlobalSection(ProjectConfigurationPlatforms) = postSolution
		{F87F9C11-C8C2-46AD-A63B-E8C5AA5CB97C}.Debug|Any CPU.ActiveCfg = Debug|Any CPU
		{F87F9C11-C8C2-46AD-A63B-E8C5AA5CB97C}.Debug|Any CPU.Build.0 = Debug|Any CPU
		{F87F9C11-C8C2-46AD-A63B-E8C5AA5CB97C}.Release|Any CPU.ActiveCfg = Release|Any CPU
		{F87F9C11-C8C2-46AD-A63B-E8C5AA5CB97C}.Release|Any CPU.Build.0 = Release|Any CPU
	EndGlobalSection
	GlobalSection(SolutionProperties) = preSolution
		HideSolutionNode = FALSE
	EndGlobalSection
	GlobalSection(ExtensibilityGlobals) = postSolution
		SolutionGuid = {FFE25A43-CB06-44A0-B89D-748CC3D93C9B}
	EndGlobalSection
EndGlobal
